// !$*UTF8*$!
{
	archiveVersion = 1;
	classes = {
	};
	objectVersion = 50;
	objects = {

/* Begin PBXBuildFile section */
		2CF12F2E217E339E0050AA35 /* main.cpp in Sources */ = {isa = PBXBuildFile; fileRef = 2CF12F2D217E339E0050AA35 /* main.cpp */; };
		2CF12F31217E3B6D0050AA35 /* libcurl-d.dylib in Frameworks */ = {isa = PBXBuildFile; fileRef = 2CF12F30217E3B6D0050AA35 /* libcurl-d.dylib */; };
/* End PBXBuildFile section */

/* Begin PBXCopyFilesBuildPhase section */
		2CF12F1F217E32020050AA35 /* CopyFiles */ = {
			isa = PBXCopyFilesBuildPhase;
			buildActionMask = 2147483647;
			dstPath = /usr/share/man/man1/;
			dstSubfolderSpec = 0;
			files = (
			);
			runOnlyForDeploymentPostprocessing = 1;
		};
/* End PBXCopyFilesBuildPhase section */

/* Begin PBXFileReference section */
		2CF12F21217E32020050AA35 /* play.pod.services.test */ = {isa = PBXFileReference; explicitFileType = "compiled.mach-o.executable"; includeInIndex = 0; path = play.pod.services.test; sourceTree = BUILT_PRODUCTS_DIR; };
		2CF12F2B217E32DD0050AA35 /* playpod.hpp */ = {isa = PBXFileReference; fileEncoding = 4; lastKnownFileType = sourcecode.cpp.h; name = playpod.hpp; path = ../../../src/playpod.hpp; sourceTree = "<group>"; };
		2CF12F2D217E339E0050AA35 /* main.cpp */ = {isa = PBXFileReference; fileEncoding = 4; lastKnownFileType = sourcecode.cpp.cpp; path = main.cpp; sourceTree = "<group>"; };
		2CF12F30217E3B6D0050AA35 /* libcurl-d.dylib */ = {isa = PBXFileReference; lastKnownFileType = "compiled.mach-o.dylib"; name = "libcurl-d.dylib"; path = "../../../deps/curl/lib/osx/libcurl-d.dylib"; sourceTree = "<group>"; };
/* End PBXFileReference section */

/* Begin PBXFrameworksBuildPhase section */
		2CF12F1E217E32020050AA35 /* Frameworks */ = {
			isa = PBXFrameworksBuildPhase;
			buildActionMask = 2147483647;
			files = (
				2CF12F31217E3B6D0050AA35 /* libcurl-d.dylib in Frameworks */,
			);
			runOnlyForDeploymentPostprocessing = 0;
		};
/* End PBXFrameworksBuildPhase section */

/* Begin PBXGroup section */
		2CF12F18217E32010050AA35 = {
			isa = PBXGroup;
			children = (
				2CF12F2D217E339E0050AA35 /* main.cpp */,
				2CF12F2B217E32DD0050AA35 /* playpod.hpp */,
				2CF12F22217E32020050AA35 /* Products */,
				2CF12F2F217E3B6C0050AA35 /* Frameworks */,
			);
			sourceTree = "<group>";
		};
		2CF12F22217E32020050AA35 /* Products */ = {
			isa = PBXGroup;
			children = (
				2CF12F21217E32020050AA35 /* play.pod.services.test */,
			);
			name = Products;
			sourceTree = "<group>";
		};
		2CF12F2F217E3B6C0050AA35 /* Frameworks */ = {
			isa = PBXGroup;
			children = (
				2CF12F30217E3B6D0050AA35 /* libcurl-d.dylib */,
			);
			name = Frameworks;
			sourceTree = "<group>";
		};
/* End PBXGroup section */

/* Begin PBXNativeTarget section */
		2CF12F20217E32020050AA35 /* play.pod.services.test */ = {
			isa = PBXNativeTarget;
			buildConfigurationList = 2CF12F28217E32020050AA35 /* Build configuration list for PBXNativeTarget "play.pod.services.test" */;
			buildPhases = (
				2CF12F1D217E32020050AA35 /* Sources */,
				2CF12F1E217E32020050AA35 /* Frameworks */,
				2CF12F1F217E32020050AA35 /* CopyFiles */,
			);
			buildRules = (
			);
			dependencies = (
			);
			name = play.pod.services.test;
			productName = play.pod.services.test;
			productReference = 2CF12F21217E32020050AA35 /* play.pod.services.test */;
			productType = "com.apple.product-type.tool";
		};
/* End PBXNativeTarget section */

/* Begin PBXProject section */
		2CF12F19217E32010050AA35 /* Project object */ = {
			isa = PBXProject;
			attributes = {
				LastUpgradeCheck = 1000;
				ORGANIZATIONNAME = fanap;
				TargetAttributes = {
					2CF12F20217E32020050AA35 = {
						CreatedOnToolsVersion = 10.0;
					};
				};
			};
			buildConfigurationList = 2CF12F1C217E32010050AA35 /* Build configuration list for PBXProject "play.pod.services.test" */;
			compatibilityVersion = "Xcode 9.3";
			developmentRegion = en;
			hasScannedForEncodings = 0;
			knownRegions = (
				en,
			);
			mainGroup = 2CF12F18217E32010050AA35;
			productRefGroup = 2CF12F22217E32020050AA35 /* Products */;
			projectDirPath = "";
			projectRoot = "";
			targets = (
				2CF12F20217E32020050AA35 /* play.pod.services.test */,
			);
		};
/* End PBXProject section */

/* Begin PBXSourcesBuildPhase section */
		2CF12F1D217E32020050AA35 /* Sources */ = {
			isa = PBXSourcesBuildPhase;
			buildActionMask = 2147483647;
			files = (
				2CF12F2E217E339E0050AA35 /* main.cpp in Sources */,
			);
			runOnlyForDeploymentPostprocessing = 0;
		};
/* End PBXSourcesBuildPhase section */

/* Begin XCBuildConfiguration section */
		2CF12F26217E32020050AA35 /* Debug */ = {
			isa = XCBuildConfiguration;
			buildSettings = {
				ALWAYS_SEARCH_USER_PATHS = NO;
				CLANG_ANALYZER_NONNULL = YES;
				CLANG_ANALYZER_NUMBER_OBJECT_CONVERSION = YES_AGGRESSIVE;
				CLANG_CXX_LANGUAGE_STANDARD = "gnu++14";
				CLANG_CXX_LIBRARY = "libc++";
				CLANG_ENABLE_MODULES = YES;
				CLANG_ENABLE_OBJC_ARC = YES;
				CLANG_ENABLE_OBJC_WEAK = YES;
				CLANG_WARN_BLOCK_CAPTURE_AUTORELEASING = YES;
				CLANG_WARN_BOOL_CONVERSION = YES;
				CLANG_WARN_COMMA = YES;
				CLANG_WARN_CONSTANT_CONVERSION = YES;
				CLANG_WARN_DEPRECATED_OBJC_IMPLEMENTATIONS = YES;
				CLANG_WARN_DIRECT_OBJC_ISA_USAGE = YES_ERROR;
				CLANG_WARN_DOCUMENTATION_COMMENTS = YES;
				CLANG_WARN_EMPTY_BODY = YES;
				CLANG_WARN_ENUM_CONVERSION = YES;
				CLANG_WARN_INFINITE_RECURSION = YES;
				CLANG_WARN_INT_CONVERSION = YES;
				CLANG_WARN_NON_LITERAL_NULL_CONVERSION = YES;
				CLANG_WARN_OBJC_IMPLICIT_RETAIN_SELF = YES;
				CLANG_WARN_OBJC_LITERAL_CONVERSION = YES;
				CLANG_WARN_OBJC_ROOT_CLASS = YES_ERROR;
				CLANG_WARN_RANGE_LOOP_ANALYSIS = YES;
				CLANG_WARN_STRICT_PROTOTYPES = YES;
				CLANG_WARN_SUSPICIOUS_MOVE = YES;
				CLANG_WARN_UNGUARDED_AVAILABILITY = YES_AGGRESSIVE;
				CLANG_WARN_UNREACHABLE_CODE = YES;
				CLANG_WARN__DUPLICATE_METHOD_MATCH = YES;
				CODE_SIGN_IDENTITY = "Mac Developer";
				COPY_PHASE_STRIP = NO;
				DEBUG_INFORMATION_FORMAT = dwarf;
				ENABLE_STRICT_OBJC_MSGSEND = YES;
				ENABLE_TESTABILITY = YES;
				GCC_C_LANGUAGE_STANDARD = gnu11;
				GCC_DYNAMIC_NO_PIC = NO;
				GCC_NO_COMMON_BLOCKS = YES;
				GCC_OPTIMIZATION_LEVEL = 0;
				GCC_PREPROCESSOR_DEFINITIONS = (
					"DEBUG=1",
					"$(inherited)",
				);
				GCC_WARN_64_TO_32_BIT_CONVERSION = YES;
				GCC_WARN_ABOUT_RETURN_TYPE = YES_ERROR;
				GCC_WARN_UNDECLARED_SELECTOR = YES;
				GCC_WARN_UNINITIALIZED_AUTOS = YES_AGGRESSIVE;
				GCC_WARN_UNUSED_FUNCTION = YES;
				GCC_WARN_UNUSED_VARIABLE = YES;
				MACOSX_DEPLOYMENT_TARGET = 10.13;
				MTL_ENABLE_DEBUG_INFO = INCLUDE_SOURCE;
				MTL_FAST_MATH = YES;
				ONLY_ACTIVE_ARCH = YES;
				SDKROOT = macosx;
			};
			name = Debug;
		};
		2CF12F27217E32020050AA35 /* Release */ = {
			isa = XCBuildConfiguration;
			buildSettings = {
				ALWAYS_SEARCH_USER_PATHS = NO;
				CLANG_ANALYZER_NONNULL = YES;
				CLANG_ANALYZER_NUMBER_OBJECT_CONVERSION = YES_AGGRESSIVE;
				CLANG_CXX_LANGUAGE_STANDARD = "gnu++14";
				CLANG_CXX_LIBRARY = "libc++";
				CLANG_ENABLE_MODULES = YES;
				CLANG_ENABLE_OBJC_ARC = YES;
				CLANG_ENABLE_OBJC_WEAK = YES;
				CLANG_WARN_BLOCK_CAPTURE_AUTORELEASING = YES;
				CLANG_WARN_BOOL_CONVERSION = YES;
				CLANG_WARN_COMMA = YES;
				CLANG_WARN_CONSTANT_CONVERSION = YES;
				CLANG_WARN_DEPRECATED_OBJC_IMPLEMENTATIONS = YES;
				CLANG_WARN_DIRECT_OBJC_ISA_USAGE = YES_ERROR;
				CLANG_WARN_DOCUMENTATION_COMMENTS = YES;
				CLANG_WARN_EMPTY_BODY = YES;
				CLANG_WARN_ENUM_CONVERSION = YES;
				CLANG_WARN_INFINITE_RECURSION = YES;
				CLANG_WARN_INT_CONVERSION = YES;
				CLANG_WARN_NON_LITERAL_NULL_CONVERSION = YES;
				CLANG_WARN_OBJC_IMPLICIT_RETAIN_SELF = YES;
				CLANG_WARN_OBJC_LITERAL_CONVERSION = YES;
				CLANG_WARN_OBJC_ROOT_CLASS = YES_ERROR;
				CLANG_WARN_RANGE_LOOP_ANALYSIS = YES;
				CLANG_WARN_STRICT_PROTOTYPES = YES;
				CLANG_WARN_SUSPICIOUS_MOVE = YES;
				CLANG_WARN_UNGUARDED_AVAILABILITY = YES_AGGRESSIVE;
				CLANG_WARN_UNREACHABLE_CODE = YES;
				CLANG_WARN__DUPLICATE_METHOD_MATCH = YES;
				CODE_SIGN_IDENTITY = "Mac Developer";
				COPY_PHASE_STRIP = NO;
				DEBUG_INFORMATION_FORMAT = "dwarf-with-dsym";
				ENABLE_NS_ASSERTIONS = NO;
				ENABLE_STRICT_OBJC_MSGSEND = YES;
				GCC_C_LANGUAGE_STANDARD = gnu11;
				GCC_NO_COMMON_BLOCKS = YES;
				GCC_WARN_64_TO_32_BIT_CONVERSION = YES;
				GCC_WARN_ABOUT_RETURN_TYPE = YES_ERROR;
				GCC_WARN_UNDECLARED_SELECTOR = YES;
				GCC_WARN_UNINITIALIZED_AUTOS = YES_AGGRESSIVE;
				GCC_WARN_UNUSED_FUNCTION = YES;
				GCC_WARN_UNUSED_VARIABLE = YES;
				MACOSX_DEPLOYMENT_TARGET = 10.13;
				MTL_ENABLE_DEBUG_INFO = NO;
				MTL_FAST_MATH = YES;
				SDKROOT = macosx;
			};
			name = Release;
		};
		2CF12F29217E32020050AA35 /* Debug */ = {
			isa = XCBuildConfiguration;
			buildSettings = {
				CODE_SIGN_STYLE = Automatic;
				DEVELOPMENT_TEAM = J2WEUYPJ98;
				FRAMEWORK_SEARCH_PATHS = "$(SRCROOT)/../../../deps/curl/lib/osx/";
				GCC_PREPROCESSOR_DEFINITIONS = (
					"DEBUG=1",
					"$(inherited)",
				);
				HEADER_SEARCH_PATHS = (
					"$(SRCROOT)/../../../src",
					"$(SRCROOT)/../../../deps/asio",
					"$(SRCROOT)/../../../deps/rapidjson",
					"$(SRCROOT)/../../../deps/curl/include",
				);
				LIBRARY_SEARCH_PATHS = "$(SRCROOT)/../../../deps/curl/lib/osx/";
				PRODUCT_NAME = "$(TARGET_NAME)";
			};
			name = Debug;
		};
		2CF12F2A217E32020050AA35 /* Release */ = {
			isa = XCBuildConfiguration;
			buildSettings = {
				CODE_SIGN_STYLE = Automatic;
				DEVELOPMENT_TEAM = J2WEUYPJ98;
				FRAMEWORK_SEARCH_PATHS = "$(SRCROOT)/../../../deps/curl/lib/osx/";
				HEADER_SEARCH_PATHS = (
					"$(SRCROOT)/../../../src",
					"$(SRCROOT)/../../../deps/asio",
					"$(SRCROOT)/../../../deps/rapidjson",
					"$(SRCROOT)/../../../deps/curl/include",
				);
				LIBRARY_SEARCH_PATHS = "$(SRCROOT)/../../../deps/curl/lib/osx/";
				PRODUCT_NAME = "$(TARGET_NAME)";
			};
			name = Release;
		};
/* End XCBuildConfiguration section */

/* Begin XCConfigurationList section */
		2CF12F1C217E32010050AA35 /* Build configuration list for PBXProject "play.pod.services.test" */ = {
			isa = XCConfigurationList;
			buildConfigurations = (
				2CF12F26217E32020050AA35 /* Debug */,
				2CF12F27217E32020050AA35 /* Release */,
			);
			defaultConfigurationIsVisible = 0;
			defaultConfigurationName = Release;
		};
		2CF12F28217E32020050AA35 /* Build configuration list for PBXNativeTarget "play.pod.services.test" */ = {
			isa = XCConfigurationList;
			buildConfigurations = (
				2CF12F29217E32020050AA35 /* Debug */,
				2CF12F2A217E32020050AA35 /* Release */,
			);
			defaultConfigurationIsVisible = 0;
			defaultConfigurationName = Release;
		};
/* End XCConfigurationList section */
	};
	rootObject = 2CF12F19217E32010050AA35 /* Project object */;
}
